
Microsoft Visual Studio Solution File, Format Version 12.00
# Visual Studio Version 16
VisualStudioVersion = 16.0.30406.217
MinimumVisualStudioVersion = 10.0.40219.1
Project("{FAE04EC0-301F-11D3-BF4B-00C04F79EFBC}") = "Nyhetssajt3.0", "Nyhetssajt3.0\Nyhetssajt3.0.csproj", "{30D27C7B-D611-4A6E-82D1-1044BC99BB9B}"
EndProject
Global
	GlobalSection(SolutionConfigurationPlatforms) = preSolution
		Debug|Any CPU = Debug|Any CPU
		Release|Any CPU = Release|Any CPU
	EndGlobalSection
	GlobalSection(ProjectConfigurationPlatforms) = postSolution
		{30D27C7B-D611-4A6E-82D1-1044BC99BB9B}.Debug|Any CPU.ActiveCfg = Debug|Any CPU
		{30D27C7B-D611-4A6E-82D1-1044BC99BB9B}.Debug|Any CPU.Build.0 = Debug|Any CPU
		{30D27C7B-D611-4A6E-82D1-1044BC99BB9B}.Release|Any CPU.ActiveCfg = Release|Any CPU
		{30D27C7B-D611-4A6E-82D1-1044BC99BB9B}.Release|Any CPU.Build.0 = Release|Any CPU
	EndGlobalSection
	GlobalSection(SolutionProperties) = preSolution
		HideSolutionNode = FALSE
	EndGlobalSection
	GlobalSection(ExtensibilityGlobals) = postSolution
		SolutionGuid = {246ABE31-0F2C-4F5F-9066-5F691819BF96}
	EndGlobalSection
EndGlobal
